
Microsoft Visual Studio Solution File, Format Version 12.00
# Visual Studio Version 17
VisualStudioVersion = 17.1.32328.378
MinimumVisualStudioVersion = 10.0.40219.1
Project("{FAE04EC0-301F-11D3-BF4B-00C04F79EFBC}") = "WpfApp1", "..\..\..\Testings&Simples\WpfApp1\WpfApp1.csproj", "{06C1880E-94C7-4830-BE64-3CDFC4B48A7F}"
EndProject
Global
	GlobalSection(SolutionConfigurationPlatforms) = preSolution
		Debug|Any CPU = Debug|Any CPU
		Release|Any CPU = Release|Any CPU
	EndGlobalSection
	GlobalSection(ProjectConfigurationPlatforms) = postSolution
		{06C1880E-94C7-4830-BE64-3CDFC4B48A7F}.Debug|Any CPU.ActiveCfg = Debug|Any CPU
		{06C1880E-94C7-4830-BE64-3CDFC4B48A7F}.Debug|Any CPU.Build.0 = Debug|Any CPU
		{06C1880E-94C7-4830-BE64-3CDFC4B48A7F}.Release|Any CPU.ActiveCfg = Release|Any CPU
		{06C1880E-94C7-4830-BE64-3CDFC4B48A7F}.Release|Any CPU.Build.0 = Release|Any CPU
	EndGlobalSection
	GlobalSection(SolutionProperties) = preSolution
		HideSolutionNode = FALSE
	EndGlobalSection
	GlobalSection(ExtensibilityGlobals) = postSolution
		SolutionGuid = {CC6D4AF6-D8EF-4F50-895C-5E18FDD3D642}
	EndGlobalSection
EndGlobal
