
Microsoft Visual Studio Solution File, Format Version 12.00
# Visual Studio Version 17
VisualStudioVersion = 17.1.32421.90
MinimumVisualStudioVersion = 10.0.40219.1
Project("{9A19103F-16F7-4668-BE54-9A1E7A4F7556}") = "MM4MapHelper", "MM4MapHelper\MM4MapHelper.csproj", "{6D9FABE6-7C72-41BA-BD3C-901A63DEF66E}"
EndProject
Project("{2150E333-8FDC-42A3-9474-1A3956D46DE8}") = "Dependence", "Dependence", "{B755578B-F03B-436B-9B3B-D52C983A7017}"
EndProject
Project("{9A19103F-16F7-4668-BE54-9A1E7A4F7556}") = "QuickGraphics", "..\..\LibsMadTomDev\User Controls\QuickGraphics\QuickGraphics.csproj", "{C36AEA32-B591-415B-A426-B2D1EFCF6AFF}"
EndProject
Global
	GlobalSection(SolutionConfigurationPlatforms) = preSolution
		Debug|Any CPU = Debug|Any CPU
		Release|Any CPU = Release|Any CPU
	EndGlobalSection
	GlobalSection(ProjectConfigurationPlatforms) = postSolution
		{6D9FABE6-7C72-41BA-BD3C-901A63DEF66E}.Debug|Any CPU.ActiveCfg = Debug|Any CPU
		{6D9FABE6-7C72-41BA-BD3C-901A63DEF66E}.Debug|Any CPU.Build.0 = Debug|Any CPU
		{6D9FABE6-7C72-41BA-BD3C-901A63DEF66E}.Release|Any CPU.ActiveCfg = Release|Any CPU
		{6D9FABE6-7C72-41BA-BD3C-901A63DEF66E}.Release|Any CPU.Build.0 = Release|Any CPU
		{C36AEA32-B591-415B-A426-B2D1EFCF6AFF}.Debug|Any CPU.ActiveCfg = Debug|Any CPU
		{C36AEA32-B591-415B-A426-B2D1EFCF6AFF}.Debug|Any CPU.Build.0 = Debug|Any CPU
		{C36AEA32-B591-415B-A426-B2D1EFCF6AFF}.Release|Any CPU.ActiveCfg = Release|Any CPU
		{C36AEA32-B591-415B-A426-B2D1EFCF6AFF}.Release|Any CPU.Build.0 = Release|Any CPU
	EndGlobalSection
	GlobalSection(SolutionProperties) = preSolution
		HideSolutionNode = FALSE
	EndGlobalSection
	GlobalSection(NestedProjects) = preSolution
		{C36AEA32-B591-415B-A426-B2D1EFCF6AFF} = {B755578B-F03B-436B-9B3B-D52C983A7017}
	EndGlobalSection
	GlobalSection(ExtensibilityGlobals) = postSolution
		SolutionGuid = {17DA82D0-73FA-4952-BE1C-A92A85A167FC}
	EndGlobalSection
EndGlobal
