
Microsoft Visual Studio Solution File, Format Version 12.00
# Visual Studio Version 17
VisualStudioVersion = 17.1.32328.378
MinimumVisualStudioVersion = 10.0.40219.1
Project("{9A19103F-16F7-4668-BE54-9A1E7A4F7556}") = "MultiExplorers2", "MultiExplorers2\MultiExplorers2.csproj", "{886290A2-44AC-4946-A9E8-10ED78E87C7E}"
EndProject
Project("{2150E333-8FDC-42A3-9474-1A3956D46DE8}") = "Dependence", "Dependence", "{1E625107-C870-40CA-B649-0A03964D8AB8}"
EndProject
Project("{9A19103F-16F7-4668-BE54-9A1E7A4F7556}") = "IconHelper", "..\..\LibsMadTomDev\Common\IconHelper\IconHelper.csproj", "{F0023C6B-E4B8-4729-99C6-4784AB57CB64}"
EndProject
Project("{9A19103F-16F7-4668-BE54-9A1E7A4F7556}") = "ViewHistory", "..\..\LibsMadTomDev\Common\ViewHistory\ViewHistory.csproj", "{92B11BDA-7B58-4A7A-89A5-FA33B5704326}"
EndProject
Project("{9A19103F-16F7-4668-BE54-9A1E7A4F7556}") = "IOUtilities", "..\..\LibsMadTomDev\Common\IOUtilities\IOUtilities.csproj", "{C6175CFB-FAA0-4571-87CF-E421C8D8F570}"
EndProject
Project("{9A19103F-16F7-4668-BE54-9A1E7A4F7556}") = "SettingXML", "..\..\LibsMadTomDev\Data\SettingXML\SettingXML.csproj", "{F2C7E3CB-908D-4D25-B72B-DEED9CED425B}"
EndProject
Project("{9A19103F-16F7-4668-BE54-9A1E7A4F7556}") = "MadTomDevVariables", "..\..\LibsMadTomDev\Common\MadTomDevVariables\MadTomDevVariables.csproj", "{A93D9915-C686-4287-B996-AD257ADF9868}"
EndProject
Project("{9A19103F-16F7-4668-BE54-9A1E7A4F7556}") = "ExControls", "..\..\LibsMadTomDev\User Controls\ExControls\ExControls.csproj", "{CE9C94E6-A723-4FD1-917C-3CDB72E4FF58}"
EndProject
Project("{9A19103F-16F7-4668-BE54-9A1E7A4F7556}") = "DriveDetector", "..\..\LibsMadTomDev\Resource\DriveDetector\DriveDetector\DriveDetector.csproj", "{0F1AA3E9-F7A8-415F-AD79-78A26DC7E31D}"
EndProject
Project("{9A19103F-16F7-4668-BE54-9A1E7A4F7556}") = "ExDialogs", "..\..\LibsMadTomDev\User Controls\ExDialogs\ExDialogs.csproj", "{F7E3B92B-B881-4218-917C-5D330DD220F5}"
EndProject
Project("{9A19103F-16F7-4668-BE54-9A1E7A4F7556}") = "ExplorerContextMenu", "..\..\LibsMadTomDev\User Controls\ExplorerContextMenu\ExplorerContextMenu\ExplorerContextMenu.csproj", "{FB1025E4-2EB2-48F9-9C15-E7FB35083731}"
EndProject
Project("{9A19103F-16F7-4668-BE54-9A1E7A4F7556}") = "Logger", "..\..\LibsMadTomDev\Common\Logger\Logger.csproj", "{A14D9202-C54D-4827-AD78-753E480C4DDD}"
EndProject
Project("{9A19103F-16F7-4668-BE54-9A1E7A4F7556}") = "QuickGraphics", "..\..\LibsMadTomDev\User Controls\QuickGraphics\QuickGraphics.csproj", "{3ADA26F3-F59B-4BCE-8932-0D71330DB38C}"
EndProject
Project("{9A19103F-16F7-4668-BE54-9A1E7A4F7556}") = "CSharpUser32", "..\..\LibsMadTomDev\Resource\CSharpUser32\CSharpUser32\CSharpUser32.csproj", "{0A158A37-A3A9-46E2-93B3-3A09ED7A5A12}"
EndProject
Project("{9A19103F-16F7-4668-BE54-9A1E7A4F7556}") = "MouseNKeyboardHelper", "..\..\LibsMadTomDev\Common\MouseNKeyboardHelper\MouseNKeyboardHelper.csproj", "{14B8946C-7ABD-4A14-9296-728FE13D57AD}"
EndProject
Project("{9A19103F-16F7-4668-BE54-9A1E7A4F7556}") = "TextFileDecodeHelper", "..\..\LibsMadTomDev\Common\TextFileDecodeHelper\TextFileDecodeHelper.csproj", "{E9501F67-D4EE-4164-A63C-BA48CAF3DCDE}"
EndProject
Project("{9A19103F-16F7-4668-BE54-9A1E7A4F7556}") = "GlobalLowLevelHooks", "..\..\LibsMadTomDev\User Controls\GlobalLowLevelHooks\GlobalLowLevelHooks.csproj", "{E3EBC2CC-0542-42FA-B120-7F429460E2EE}"
EndProject
Project("{9A19103F-16F7-4668-BE54-9A1E7A4F7556}") = "SettingsTxt", "..\..\LibsMadTomDev\Data\SettingsTxt\SettingsTxt.csproj", "{BDD0F484-D129-44DB-ACE1-905047CC238E}"
EndProject
Project("{9A19103F-16F7-4668-BE54-9A1E7A4F7556}") = "SimpleStringHelper", "..\..\LibsMadTomDev\Common\SimpleStringHelper\SimpleStringHelper.csproj", "{7AF5D44B-749A-4956-82A9-331C44EFB956}"
EndProject
Project("{FAE04EC0-301F-11D3-BF4B-00C04F79EFBC}") = "SettingsLanguage", "..\..\LibsMadTomDev\Data\SettingsLanguage\SettingsLanguage.csproj", "{644582EC-52A3-4804-9C86-266BD027A957}"
EndProject
Global
	GlobalSection(SolutionConfigurationPlatforms) = preSolution
		Debug|Any CPU = Debug|Any CPU
		Release|Any CPU = Release|Any CPU
	EndGlobalSection
	GlobalSection(ProjectConfigurationPlatforms) = postSolution
		{886290A2-44AC-4946-A9E8-10ED78E87C7E}.Debug|Any CPU.ActiveCfg = Debug|Any CPU
		{886290A2-44AC-4946-A9E8-10ED78E87C7E}.Debug|Any CPU.Build.0 = Debug|Any CPU
		{886290A2-44AC-4946-A9E8-10ED78E87C7E}.Release|Any CPU.ActiveCfg = Release|Any CPU
		{886290A2-44AC-4946-A9E8-10ED78E87C7E}.Release|Any CPU.Build.0 = Release|Any CPU
		{F0023C6B-E4B8-4729-99C6-4784AB57CB64}.Debug|Any CPU.ActiveCfg = Debug|Any CPU
		{F0023C6B-E4B8-4729-99C6-4784AB57CB64}.Debug|Any CPU.Build.0 = Debug|Any CPU
		{F0023C6B-E4B8-4729-99C6-4784AB57CB64}.Release|Any CPU.ActiveCfg = Release|Any CPU
		{F0023C6B-E4B8-4729-99C6-4784AB57CB64}.Release|Any CPU.Build.0 = Release|Any CPU
		{92B11BDA-7B58-4A7A-89A5-FA33B5704326}.Debug|Any CPU.ActiveCfg = Debug|Any CPU
		{92B11BDA-7B58-4A7A-89A5-FA33B5704326}.Debug|Any CPU.Build.0 = Debug|Any CPU
		{92B11BDA-7B58-4A7A-89A5-FA33B5704326}.Release|Any CPU.ActiveCfg = Release|Any CPU
		{92B11BDA-7B58-4A7A-89A5-FA33B5704326}.Release|Any CPU.Build.0 = Release|Any CPU
		{C6175CFB-FAA0-4571-87CF-E421C8D8F570}.Debug|Any CPU.ActiveCfg = Debug|Any CPU
		{C6175CFB-FAA0-4571-87CF-E421C8D8F570}.Debug|Any CPU.Build.0 = Debug|Any CPU
		{C6175CFB-FAA0-4571-87CF-E421C8D8F570}.Release|Any CPU.ActiveCfg = Release|Any CPU
		{C6175CFB-FAA0-4571-87CF-E421C8D8F570}.Release|Any CPU.Build.0 = Release|Any CPU
		{F2C7E3CB-908D-4D25-B72B-DEED9CED425B}.Debug|Any CPU.ActiveCfg = Debug|Any CPU
		{F2C7E3CB-908D-4D25-B72B-DEED9CED425B}.Debug|Any CPU.Build.0 = Debug|Any CPU
		{F2C7E3CB-908D-4D25-B72B-DEED9CED425B}.Release|Any CPU.ActiveCfg = Release|Any CPU
		{F2C7E3CB-908D-4D25-B72B-DEED9CED425B}.Release|Any CPU.Build.0 = Release|Any CPU
		{A93D9915-C686-4287-B996-AD257ADF9868}.Debug|Any CPU.ActiveCfg = Debug|Any CPU
		{A93D9915-C686-4287-B996-AD257ADF9868}.Debug|Any CPU.Build.0 = Debug|Any CPU
		{A93D9915-C686-4287-B996-AD257ADF9868}.Release|Any CPU.ActiveCfg = Release|Any CPU
		{A93D9915-C686-4287-B996-AD257ADF9868}.Release|Any CPU.Build.0 = Release|Any CPU
		{CE9C94E6-A723-4FD1-917C-3CDB72E4FF58}.Debug|Any CPU.ActiveCfg = Debug|Any CPU
		{CE9C94E6-A723-4FD1-917C-3CDB72E4FF58}.Debug|Any CPU.Build.0 = Debug|Any CPU
		{CE9C94E6-A723-4FD1-917C-3CDB72E4FF58}.Release|Any CPU.ActiveCfg = Release|Any CPU
		{CE9C94E6-A723-4FD1-917C-3CDB72E4FF58}.Release|Any CPU.Build.0 = Release|Any CPU
		{0F1AA3E9-F7A8-415F-AD79-78A26DC7E31D}.Debug|Any CPU.ActiveCfg = Debug|Any CPU
		{0F1AA3E9-F7A8-415F-AD79-78A26DC7E31D}.Debug|Any CPU.Build.0 = Debug|Any CPU
		{0F1AA3E9-F7A8-415F-AD79-78A26DC7E31D}.Release|Any CPU.ActiveCfg = Release|Any CPU
		{0F1AA3E9-F7A8-415F-AD79-78A26DC7E31D}.Release|Any CPU.Build.0 = Release|Any CPU
		{F7E3B92B-B881-4218-917C-5D330DD220F5}.Debug|Any CPU.ActiveCfg = Debug|Any CPU
		{F7E3B92B-B881-4218-917C-5D330DD220F5}.Debug|Any CPU.Build.0 = Debug|Any CPU
		{F7E3B92B-B881-4218-917C-5D330DD220F5}.Release|Any CPU.ActiveCfg = Release|Any CPU
		{F7E3B92B-B881-4218-917C-5D330DD220F5}.Release|Any CPU.Build.0 = Release|Any CPU
		{FB1025E4-2EB2-48F9-9C15-E7FB35083731}.Debug|Any CPU.ActiveCfg = Debug|Any CPU
		{FB1025E4-2EB2-48F9-9C15-E7FB35083731}.Debug|Any CPU.Build.0 = Debug|Any CPU
		{FB1025E4-2EB2-48F9-9C15-E7FB35083731}.Release|Any CPU.ActiveCfg = Release|Any CPU
		{FB1025E4-2EB2-48F9-9C15-E7FB35083731}.Release|Any CPU.Build.0 = Release|Any CPU
		{A14D9202-C54D-4827-AD78-753E480C4DDD}.Debug|Any CPU.ActiveCfg = Debug|Any CPU
		{A14D9202-C54D-4827-AD78-753E480C4DDD}.Debug|Any CPU.Build.0 = Debug|Any CPU
		{A14D9202-C54D-4827-AD78-753E480C4DDD}.Release|Any CPU.ActiveCfg = Release|Any CPU
		{A14D9202-C54D-4827-AD78-753E480C4DDD}.Release|Any CPU.Build.0 = Release|Any CPU
		{3ADA26F3-F59B-4BCE-8932-0D71330DB38C}.Debug|Any CPU.ActiveCfg = Debug|Any CPU
		{3ADA26F3-F59B-4BCE-8932-0D71330DB38C}.Debug|Any CPU.Build.0 = Debug|Any CPU
		{3ADA26F3-F59B-4BCE-8932-0D71330DB38C}.Release|Any CPU.ActiveCfg = Release|Any CPU
		{3ADA26F3-F59B-4BCE-8932-0D71330DB38C}.Release|Any CPU.Build.0 = Release|Any CPU
		{0A158A37-A3A9-46E2-93B3-3A09ED7A5A12}.Debug|Any CPU.ActiveCfg = Debug|Any CPU
		{0A158A37-A3A9-46E2-93B3-3A09ED7A5A12}.Debug|Any CPU.Build.0 = Debug|Any CPU
		{0A158A37-A3A9-46E2-93B3-3A09ED7A5A12}.Release|Any CPU.ActiveCfg = Release|Any CPU
		{0A158A37-A3A9-46E2-93B3-3A09ED7A5A12}.Release|Any CPU.Build.0 = Release|Any CPU
		{14B8946C-7ABD-4A14-9296-728FE13D57AD}.Debug|Any CPU.ActiveCfg = Debug|Any CPU
		{14B8946C-7ABD-4A14-9296-728FE13D57AD}.Debug|Any CPU.Build.0 = Debug|Any CPU
		{14B8946C-7ABD-4A14-9296-728FE13D57AD}.Release|Any CPU.ActiveCfg = Release|Any CPU
		{14B8946C-7ABD-4A14-9296-728FE13D57AD}.Release|Any CPU.Build.0 = Release|Any CPU
		{E9501F67-D4EE-4164-A63C-BA48CAF3DCDE}.Debug|Any CPU.ActiveCfg = Debug|Any CPU
		{E9501F67-D4EE-4164-A63C-BA48CAF3DCDE}.Debug|Any CPU.Build.0 = Debug|Any CPU
		{E9501F67-D4EE-4164-A63C-BA48CAF3DCDE}.Release|Any CPU.ActiveCfg = Release|Any CPU
		{E9501F67-D4EE-4164-A63C-BA48CAF3DCDE}.Release|Any CPU.Build.0 = Release|Any CPU
		{E3EBC2CC-0542-42FA-B120-7F429460E2EE}.Debug|Any CPU.ActiveCfg = Debug|Any CPU
		{E3EBC2CC-0542-42FA-B120-7F429460E2EE}.Debug|Any CPU.Build.0 = Debug|Any CPU
		{E3EBC2CC-0542-42FA-B120-7F429460E2EE}.Release|Any CPU.ActiveCfg = Release|Any CPU
		{E3EBC2CC-0542-42FA-B120-7F429460E2EE}.Release|Any CPU.Build.0 = Release|Any CPU
		{BDD0F484-D129-44DB-ACE1-905047CC238E}.Debug|Any CPU.ActiveCfg = Debug|Any CPU
		{BDD0F484-D129-44DB-ACE1-905047CC238E}.Debug|Any CPU.Build.0 = Debug|Any CPU
		{BDD0F484-D129-44DB-ACE1-905047CC238E}.Release|Any CPU.ActiveCfg = Release|Any CPU
		{BDD0F484-D129-44DB-ACE1-905047CC238E}.Release|Any CPU.Build.0 = Release|Any CPU
		{7AF5D44B-749A-4956-82A9-331C44EFB956}.Debug|Any CPU.ActiveCfg = Debug|Any CPU
		{7AF5D44B-749A-4956-82A9-331C44EFB956}.Debug|Any CPU.Build.0 = Debug|Any CPU
		{7AF5D44B-749A-4956-82A9-331C44EFB956}.Release|Any CPU.ActiveCfg = Release|Any CPU
		{7AF5D44B-749A-4956-82A9-331C44EFB956}.Release|Any CPU.Build.0 = Release|Any CPU
		{644582EC-52A3-4804-9C86-266BD027A957}.Debug|Any CPU.ActiveCfg = Debug|Any CPU
		{644582EC-52A3-4804-9C86-266BD027A957}.Debug|Any CPU.Build.0 = Debug|Any CPU
		{644582EC-52A3-4804-9C86-266BD027A957}.Release|Any CPU.ActiveCfg = Release|Any CPU
		{644582EC-52A3-4804-9C86-266BD027A957}.Release|Any CPU.Build.0 = Release|Any CPU
	EndGlobalSection
	GlobalSection(SolutionProperties) = preSolution
		HideSolutionNode = FALSE
	EndGlobalSection
	GlobalSection(NestedProjects) = preSolution
		{F0023C6B-E4B8-4729-99C6-4784AB57CB64} = {1E625107-C870-40CA-B649-0A03964D8AB8}
		{92B11BDA-7B58-4A7A-89A5-FA33B5704326} = {1E625107-C870-40CA-B649-0A03964D8AB8}
		{C6175CFB-FAA0-4571-87CF-E421C8D8F570} = {1E625107-C870-40CA-B649-0A03964D8AB8}
		{F2C7E3CB-908D-4D25-B72B-DEED9CED425B} = {1E625107-C870-40CA-B649-0A03964D8AB8}
		{A93D9915-C686-4287-B996-AD257ADF9868} = {1E625107-C870-40CA-B649-0A03964D8AB8}
		{CE9C94E6-A723-4FD1-917C-3CDB72E4FF58} = {1E625107-C870-40CA-B649-0A03964D8AB8}
		{0F1AA3E9-F7A8-415F-AD79-78A26DC7E31D} = {1E625107-C870-40CA-B649-0A03964D8AB8}
		{F7E3B92B-B881-4218-917C-5D330DD220F5} = {1E625107-C870-40CA-B649-0A03964D8AB8}
		{FB1025E4-2EB2-48F9-9C15-E7FB35083731} = {1E625107-C870-40CA-B649-0A03964D8AB8}
		{A14D9202-C54D-4827-AD78-753E480C4DDD} = {1E625107-C870-40CA-B649-0A03964D8AB8}
		{3ADA26F3-F59B-4BCE-8932-0D71330DB38C} = {1E625107-C870-40CA-B649-0A03964D8AB8}
		{0A158A37-A3A9-46E2-93B3-3A09ED7A5A12} = {1E625107-C870-40CA-B649-0A03964D8AB8}
		{14B8946C-7ABD-4A14-9296-728FE13D57AD} = {1E625107-C870-40CA-B649-0A03964D8AB8}
		{E9501F67-D4EE-4164-A63C-BA48CAF3DCDE} = {1E625107-C870-40CA-B649-0A03964D8AB8}
		{E3EBC2CC-0542-42FA-B120-7F429460E2EE} = {1E625107-C870-40CA-B649-0A03964D8AB8}
		{BDD0F484-D129-44DB-ACE1-905047CC238E} = {1E625107-C870-40CA-B649-0A03964D8AB8}
		{7AF5D44B-749A-4956-82A9-331C44EFB956} = {1E625107-C870-40CA-B649-0A03964D8AB8}
		{644582EC-52A3-4804-9C86-266BD027A957} = {1E625107-C870-40CA-B649-0A03964D8AB8}
	EndGlobalSection
	GlobalSection(ExtensibilityGlobals) = postSolution
		SolutionGuid = {EB141F48-399D-4A24-B8BA-C34A9AB03518}
	EndGlobalSection
EndGlobal
