
Microsoft Visual Studio Solution File, Format Version 12.00
# Visual Studio Version 17
VisualStudioVersion = 17.3.32922.545
MinimumVisualStudioVersion = 10.0.40219.1
Project("{9A19103F-16F7-4668-BE54-9A1E7A4F7556}") = "BiliDmTTS 2", "BiliDmTTS 2\BiliDmTTS 2.csproj", "{667C1FF5-D311-45C0-B944-83EE1187164C}"
EndProject
Project("{2150E333-8FDC-42A3-9474-1A3956D46DE8}") = "Dependence", "Dependence", "{78E9556A-D3D5-41CE-8E89-2AE063B74F5E}"
EndProject
Project("{9A19103F-16F7-4668-BE54-9A1E7A4F7556}") = "BiliDmEngin", "BiliDmEngin\BiliDmEngin.csproj", "{ECE895A1-B842-40C0-ACF6-9088A796FA58}"
EndProject
Project("{FAE04EC0-301F-11D3-BF4B-00C04F79EFBC}") = "BilibiliDM_PluginFramework", "bililive_dm-master\BilibiliDM_PluginFramework\BilibiliDM_PluginFramework.csproj", "{62FE6607-FE23-4DF0-BF23-9FB7D70C829A}"
EndProject
Project("{FAE04EC0-301F-11D3-BF4B-00C04F79EFBC}") = "BiliDMLib", "bililive_dm-master\BiliDMLib\BiliDMLib.csproj", "{76778870-A6F5-43F4-9BAA-DEC0473F217E}"
EndProject
Project("{9A19103F-16F7-4668-BE54-9A1E7A4F7556}") = "ExControls", "..\..\LibsMadTomDev\User Controls\ExControls\ExControls.csproj", "{FF44E9C1-3BF0-49BF-8616-4582E0630A43}"
EndProject
Project("{9A19103F-16F7-4668-BE54-9A1E7A4F7556}") = "Logger", "..\..\LibsMadTomDev\Common\Logger\Logger.csproj", "{38235A70-4D4C-4061-A451-F8D6D7D385ED}"
EndProject
Project("{9A19103F-16F7-4668-BE54-9A1E7A4F7556}") = "MadTomDevVariables", "..\..\LibsMadTomDev\Common\MadTomDevVariables\MadTomDevVariables.csproj", "{16BB7858-2AFE-4436-9871-8211C55CFACB}"
EndProject
Project("{9A19103F-16F7-4668-BE54-9A1E7A4F7556}") = "MillisecondTimer", "..\..\LibsMadTomDev\Common\MillisecondTimer\MillisecondTimer.csproj", "{8C6F14EA-6027-453F-BC20-473B62D91A36}"
EndProject
Project("{9A19103F-16F7-4668-BE54-9A1E7A4F7556}") = "SettingsTxt", "..\..\LibsMadTomDev\Data\SettingsTxt\SettingsTxt.csproj", "{4BD68CB2-C8E9-4762-922D-62E18DB15DEA}"
EndProject
Project("{9A19103F-16F7-4668-BE54-9A1E7A4F7556}") = "SimpleStringHelper", "..\..\LibsMadTomDev\Common\SimpleStringHelper\SimpleStringHelper.csproj", "{9CB6882A-539F-4A00-AF82-493A3B5826B6}"
EndProject
Project("{9A19103F-16F7-4668-BE54-9A1E7A4F7556}") = "T2S_HCore", "..\..\LibsMadTomDev\Resource\T2S_HCore\T2S_HCore.csproj", "{DB4F768D-F2F3-4AE6-A89D-27B132ECE88F}"
EndProject
Project("{9A19103F-16F7-4668-BE54-9A1E7A4F7556}") = "T2S_App", "..\..\LibsMadTomDev\Resource\T2S_HCore\T2S_App\T2S_App.csproj", "{6A273ABF-E7A3-4068-B711-F2FA3277E77F}"
EndProject
Project("{9A19103F-16F7-4668-BE54-9A1E7A4F7556}") = "QuickGraphics", "..\..\LibsMadTomDev\User Controls\QuickGraphics\QuickGraphics.csproj", "{8675F200-DC78-46E8-9CEF-8093B1EE182E}"
EndProject
Project("{9A19103F-16F7-4668-BE54-9A1E7A4F7556}") = "IconHelper", "..\..\LibsMadTomDev\Common\IconHelper\IconHelper.csproj", "{BBCCED79-5203-46BE-9DE4-377F056B564C}"
EndProject
Project("{9A19103F-16F7-4668-BE54-9A1E7A4F7556}") = "TextFileDecodeHelper", "..\..\LibsMadTomDev\Common\TextFileDecodeHelper\TextFileDecodeHelper.csproj", "{5148F74D-F0E1-4E59-80A4-6E138E3C8E86}"
EndProject
Global
	GlobalSection(SolutionConfigurationPlatforms) = preSolution
		Debug|Any CPU = Debug|Any CPU
		Debug|x86 = Debug|x86
		Release|Any CPU = Release|Any CPU
		Release|x86 = Release|x86
	EndGlobalSection
	GlobalSection(ProjectConfigurationPlatforms) = postSolution
		{667C1FF5-D311-45C0-B944-83EE1187164C}.Debug|Any CPU.ActiveCfg = Debug|Any CPU
		{667C1FF5-D311-45C0-B944-83EE1187164C}.Debug|Any CPU.Build.0 = Debug|Any CPU
		{667C1FF5-D311-45C0-B944-83EE1187164C}.Debug|x86.ActiveCfg = Debug|Any CPU
		{667C1FF5-D311-45C0-B944-83EE1187164C}.Debug|x86.Build.0 = Debug|Any CPU
		{667C1FF5-D311-45C0-B944-83EE1187164C}.Release|Any CPU.ActiveCfg = Release|Any CPU
		{667C1FF5-D311-45C0-B944-83EE1187164C}.Release|Any CPU.Build.0 = Release|Any CPU
		{667C1FF5-D311-45C0-B944-83EE1187164C}.Release|x86.ActiveCfg = Release|Any CPU
		{667C1FF5-D311-45C0-B944-83EE1187164C}.Release|x86.Build.0 = Release|Any CPU
		{ECE895A1-B842-40C0-ACF6-9088A796FA58}.Debug|Any CPU.ActiveCfg = Debug|Any CPU
		{ECE895A1-B842-40C0-ACF6-9088A796FA58}.Debug|Any CPU.Build.0 = Debug|Any CPU
		{ECE895A1-B842-40C0-ACF6-9088A796FA58}.Debug|x86.ActiveCfg = Debug|Any CPU
		{ECE895A1-B842-40C0-ACF6-9088A796FA58}.Debug|x86.Build.0 = Debug|Any CPU
		{ECE895A1-B842-40C0-ACF6-9088A796FA58}.Release|Any CPU.ActiveCfg = Release|Any CPU
		{ECE895A1-B842-40C0-ACF6-9088A796FA58}.Release|Any CPU.Build.0 = Release|Any CPU
		{ECE895A1-B842-40C0-ACF6-9088A796FA58}.Release|x86.ActiveCfg = Release|Any CPU
		{ECE895A1-B842-40C0-ACF6-9088A796FA58}.Release|x86.Build.0 = Release|Any CPU
		{62FE6607-FE23-4DF0-BF23-9FB7D70C829A}.Debug|Any CPU.ActiveCfg = Debug|Any CPU
		{62FE6607-FE23-4DF0-BF23-9FB7D70C829A}.Debug|Any CPU.Build.0 = Debug|Any CPU
		{62FE6607-FE23-4DF0-BF23-9FB7D70C829A}.Debug|x86.ActiveCfg = Debug|x86
		{62FE6607-FE23-4DF0-BF23-9FB7D70C829A}.Debug|x86.Build.0 = Debug|x86
		{62FE6607-FE23-4DF0-BF23-9FB7D70C829A}.Release|Any CPU.ActiveCfg = Release|Any CPU
		{62FE6607-FE23-4DF0-BF23-9FB7D70C829A}.Release|Any CPU.Build.0 = Release|Any CPU
		{62FE6607-FE23-4DF0-BF23-9FB7D70C829A}.Release|x86.ActiveCfg = Release|x86
		{62FE6607-FE23-4DF0-BF23-9FB7D70C829A}.Release|x86.Build.0 = Release|x86
		{76778870-A6F5-43F4-9BAA-DEC0473F217E}.Debug|Any CPU.ActiveCfg = Debug|Any CPU
		{76778870-A6F5-43F4-9BAA-DEC0473F217E}.Debug|Any CPU.Build.0 = Debug|Any CPU
		{76778870-A6F5-43F4-9BAA-DEC0473F217E}.Debug|x86.ActiveCfg = Debug|x86
		{76778870-A6F5-43F4-9BAA-DEC0473F217E}.Debug|x86.Build.0 = Debug|x86
		{76778870-A6F5-43F4-9BAA-DEC0473F217E}.Release|Any CPU.ActiveCfg = Release|Any CPU
		{76778870-A6F5-43F4-9BAA-DEC0473F217E}.Release|Any CPU.Build.0 = Release|Any CPU
		{76778870-A6F5-43F4-9BAA-DEC0473F217E}.Release|x86.ActiveCfg = Release|x86
		{76778870-A6F5-43F4-9BAA-DEC0473F217E}.Release|x86.Build.0 = Release|x86
		{FF44E9C1-3BF0-49BF-8616-4582E0630A43}.Debug|Any CPU.ActiveCfg = Debug|Any CPU
		{FF44E9C1-3BF0-49BF-8616-4582E0630A43}.Debug|Any CPU.Build.0 = Debug|Any CPU
		{FF44E9C1-3BF0-49BF-8616-4582E0630A43}.Debug|x86.ActiveCfg = Debug|Any CPU
		{FF44E9C1-3BF0-49BF-8616-4582E0630A43}.Debug|x86.Build.0 = Debug|Any CPU
		{FF44E9C1-3BF0-49BF-8616-4582E0630A43}.Release|Any CPU.ActiveCfg = Release|Any CPU
		{FF44E9C1-3BF0-49BF-8616-4582E0630A43}.Release|Any CPU.Build.0 = Release|Any CPU
		{FF44E9C1-3BF0-49BF-8616-4582E0630A43}.Release|x86.ActiveCfg = Release|Any CPU
		{FF44E9C1-3BF0-49BF-8616-4582E0630A43}.Release|x86.Build.0 = Release|Any CPU
		{38235A70-4D4C-4061-A451-F8D6D7D385ED}.Debug|Any CPU.ActiveCfg = Debug|Any CPU
		{38235A70-4D4C-4061-A451-F8D6D7D385ED}.Debug|Any CPU.Build.0 = Debug|Any CPU
		{38235A70-4D4C-4061-A451-F8D6D7D385ED}.Debug|x86.ActiveCfg = Debug|Any CPU
		{38235A70-4D4C-4061-A451-F8D6D7D385ED}.Debug|x86.Build.0 = Debug|Any CPU
		{38235A70-4D4C-4061-A451-F8D6D7D385ED}.Release|Any CPU.ActiveCfg = Release|Any CPU
		{38235A70-4D4C-4061-A451-F8D6D7D385ED}.Release|Any CPU.Build.0 = Release|Any CPU
		{38235A70-4D4C-4061-A451-F8D6D7D385ED}.Release|x86.ActiveCfg = Release|Any CPU
		{38235A70-4D4C-4061-A451-F8D6D7D385ED}.Release|x86.Build.0 = Release|Any CPU
		{16BB7858-2AFE-4436-9871-8211C55CFACB}.Debug|Any CPU.ActiveCfg = Debug|Any CPU
		{16BB7858-2AFE-4436-9871-8211C55CFACB}.Debug|Any CPU.Build.0 = Debug|Any CPU
		{16BB7858-2AFE-4436-9871-8211C55CFACB}.Debug|x86.ActiveCfg = Debug|Any CPU
		{16BB7858-2AFE-4436-9871-8211C55CFACB}.Debug|x86.Build.0 = Debug|Any CPU
		{16BB7858-2AFE-4436-9871-8211C55CFACB}.Release|Any CPU.ActiveCfg = Release|Any CPU
		{16BB7858-2AFE-4436-9871-8211C55CFACB}.Release|Any CPU.Build.0 = Release|Any CPU
		{16BB7858-2AFE-4436-9871-8211C55CFACB}.Release|x86.ActiveCfg = Release|Any CPU
		{16BB7858-2AFE-4436-9871-8211C55CFACB}.Release|x86.Build.0 = Release|Any CPU
		{8C6F14EA-6027-453F-BC20-473B62D91A36}.Debug|Any CPU.ActiveCfg = Debug|Any CPU
		{8C6F14EA-6027-453F-BC20-473B62D91A36}.Debug|Any CPU.Build.0 = Debug|Any CPU
		{8C6F14EA-6027-453F-BC20-473B62D91A36}.Debug|x86.ActiveCfg = Debug|Any CPU
		{8C6F14EA-6027-453F-BC20-473B62D91A36}.Debug|x86.Build.0 = Debug|Any CPU
		{8C6F14EA-6027-453F-BC20-473B62D91A36}.Release|Any CPU.ActiveCfg = Release|Any CPU
		{8C6F14EA-6027-453F-BC20-473B62D91A36}.Release|Any CPU.Build.0 = Release|Any CPU
		{8C6F14EA-6027-453F-BC20-473B62D91A36}.Release|x86.ActiveCfg = Release|Any CPU
		{8C6F14EA-6027-453F-BC20-473B62D91A36}.Release|x86.Build.0 = Release|Any CPU
		{4BD68CB2-C8E9-4762-922D-62E18DB15DEA}.Debug|Any CPU.ActiveCfg = Debug|Any CPU
		{4BD68CB2-C8E9-4762-922D-62E18DB15DEA}.Debug|Any CPU.Build.0 = Debug|Any CPU
		{4BD68CB2-C8E9-4762-922D-62E18DB15DEA}.Debug|x86.ActiveCfg = Debug|Any CPU
		{4BD68CB2-C8E9-4762-922D-62E18DB15DEA}.Debug|x86.Build.0 = Debug|Any CPU
		{4BD68CB2-C8E9-4762-922D-62E18DB15DEA}.Release|Any CPU.ActiveCfg = Release|Any CPU
		{4BD68CB2-C8E9-4762-922D-62E18DB15DEA}.Release|Any CPU.Build.0 = Release|Any CPU
		{4BD68CB2-C8E9-4762-922D-62E18DB15DEA}.Release|x86.ActiveCfg = Release|Any CPU
		{4BD68CB2-C8E9-4762-922D-62E18DB15DEA}.Release|x86.Build.0 = Release|Any CPU
		{9CB6882A-539F-4A00-AF82-493A3B5826B6}.Debug|Any CPU.ActiveCfg = Debug|Any CPU
		{9CB6882A-539F-4A00-AF82-493A3B5826B6}.Debug|Any CPU.Build.0 = Debug|Any CPU
		{9CB6882A-539F-4A00-AF82-493A3B5826B6}.Debug|x86.ActiveCfg = Debug|Any CPU
		{9CB6882A-539F-4A00-AF82-493A3B5826B6}.Debug|x86.Build.0 = Debug|Any CPU
		{9CB6882A-539F-4A00-AF82-493A3B5826B6}.Release|Any CPU.ActiveCfg = Release|Any CPU
		{9CB6882A-539F-4A00-AF82-493A3B5826B6}.Release|Any CPU.Build.0 = Release|Any CPU
		{9CB6882A-539F-4A00-AF82-493A3B5826B6}.Release|x86.ActiveCfg = Release|Any CPU
		{9CB6882A-539F-4A00-AF82-493A3B5826B6}.Release|x86.Build.0 = Release|Any CPU
		{DB4F768D-F2F3-4AE6-A89D-27B132ECE88F}.Debug|Any CPU.ActiveCfg = Debug|Any CPU
		{DB4F768D-F2F3-4AE6-A89D-27B132ECE88F}.Debug|Any CPU.Build.0 = Debug|Any CPU
		{DB4F768D-F2F3-4AE6-A89D-27B132ECE88F}.Debug|x86.ActiveCfg = Debug|Any CPU
		{DB4F768D-F2F3-4AE6-A89D-27B132ECE88F}.Debug|x86.Build.0 = Debug|Any CPU
		{DB4F768D-F2F3-4AE6-A89D-27B132ECE88F}.Release|Any CPU.ActiveCfg = Release|Any CPU
		{DB4F768D-F2F3-4AE6-A89D-27B132ECE88F}.Release|Any CPU.Build.0 = Release|Any CPU
		{DB4F768D-F2F3-4AE6-A89D-27B132ECE88F}.Release|x86.ActiveCfg = Release|Any CPU
		{DB4F768D-F2F3-4AE6-A89D-27B132ECE88F}.Release|x86.Build.0 = Release|Any CPU
		{6A273ABF-E7A3-4068-B711-F2FA3277E77F}.Debug|Any CPU.ActiveCfg = Debug|Any CPU
		{6A273ABF-E7A3-4068-B711-F2FA3277E77F}.Debug|Any CPU.Build.0 = Debug|Any CPU
		{6A273ABF-E7A3-4068-B711-F2FA3277E77F}.Debug|x86.ActiveCfg = Debug|Any CPU
		{6A273ABF-E7A3-4068-B711-F2FA3277E77F}.Debug|x86.Build.0 = Debug|Any CPU
		{6A273ABF-E7A3-4068-B711-F2FA3277E77F}.Release|Any CPU.ActiveCfg = Release|Any CPU
		{6A273ABF-E7A3-4068-B711-F2FA3277E77F}.Release|Any CPU.Build.0 = Release|Any CPU
		{6A273ABF-E7A3-4068-B711-F2FA3277E77F}.Release|x86.ActiveCfg = Release|Any CPU
		{6A273ABF-E7A3-4068-B711-F2FA3277E77F}.Release|x86.Build.0 = Release|Any CPU
		{8675F200-DC78-46E8-9CEF-8093B1EE182E}.Debug|Any CPU.ActiveCfg = Debug|Any CPU
		{8675F200-DC78-46E8-9CEF-8093B1EE182E}.Debug|Any CPU.Build.0 = Debug|Any CPU
		{8675F200-DC78-46E8-9CEF-8093B1EE182E}.Debug|x86.ActiveCfg = Debug|Any CPU
		{8675F200-DC78-46E8-9CEF-8093B1EE182E}.Debug|x86.Build.0 = Debug|Any CPU
		{8675F200-DC78-46E8-9CEF-8093B1EE182E}.Release|Any CPU.ActiveCfg = Release|Any CPU
		{8675F200-DC78-46E8-9CEF-8093B1EE182E}.Release|Any CPU.Build.0 = Release|Any CPU
		{8675F200-DC78-46E8-9CEF-8093B1EE182E}.Release|x86.ActiveCfg = Release|Any CPU
		{8675F200-DC78-46E8-9CEF-8093B1EE182E}.Release|x86.Build.0 = Release|Any CPU
		{BBCCED79-5203-46BE-9DE4-377F056B564C}.Debug|Any CPU.ActiveCfg = Debug|Any CPU
		{BBCCED79-5203-46BE-9DE4-377F056B564C}.Debug|Any CPU.Build.0 = Debug|Any CPU
		{BBCCED79-5203-46BE-9DE4-377F056B564C}.Debug|x86.ActiveCfg = Debug|Any CPU
		{BBCCED79-5203-46BE-9DE4-377F056B564C}.Debug|x86.Build.0 = Debug|Any CPU
		{BBCCED79-5203-46BE-9DE4-377F056B564C}.Release|Any CPU.ActiveCfg = Release|Any CPU
		{BBCCED79-5203-46BE-9DE4-377F056B564C}.Release|Any CPU.Build.0 = Release|Any CPU
		{BBCCED79-5203-46BE-9DE4-377F056B564C}.Release|x86.ActiveCfg = Release|Any CPU
		{BBCCED79-5203-46BE-9DE4-377F056B564C}.Release|x86.Build.0 = Release|Any CPU
		{5148F74D-F0E1-4E59-80A4-6E138E3C8E86}.Debug|Any CPU.ActiveCfg = Debug|Any CPU
		{5148F74D-F0E1-4E59-80A4-6E138E3C8E86}.Debug|Any CPU.Build.0 = Debug|Any CPU
		{5148F74D-F0E1-4E59-80A4-6E138E3C8E86}.Debug|x86.ActiveCfg = Debug|Any CPU
		{5148F74D-F0E1-4E59-80A4-6E138E3C8E86}.Debug|x86.Build.0 = Debug|Any CPU
		{5148F74D-F0E1-4E59-80A4-6E138E3C8E86}.Release|Any CPU.ActiveCfg = Release|Any CPU
		{5148F74D-F0E1-4E59-80A4-6E138E3C8E86}.Release|Any CPU.Build.0 = Release|Any CPU
		{5148F74D-F0E1-4E59-80A4-6E138E3C8E86}.Release|x86.ActiveCfg = Release|Any CPU
		{5148F74D-F0E1-4E59-80A4-6E138E3C8E86}.Release|x86.Build.0 = Release|Any CPU
	EndGlobalSection
	GlobalSection(SolutionProperties) = preSolution
		HideSolutionNode = FALSE
	EndGlobalSection
	GlobalSection(NestedProjects) = preSolution
		{62FE6607-FE23-4DF0-BF23-9FB7D70C829A} = {78E9556A-D3D5-41CE-8E89-2AE063B74F5E}
		{76778870-A6F5-43F4-9BAA-DEC0473F217E} = {78E9556A-D3D5-41CE-8E89-2AE063B74F5E}
		{FF44E9C1-3BF0-49BF-8616-4582E0630A43} = {78E9556A-D3D5-41CE-8E89-2AE063B74F5E}
		{38235A70-4D4C-4061-A451-F8D6D7D385ED} = {78E9556A-D3D5-41CE-8E89-2AE063B74F5E}
		{16BB7858-2AFE-4436-9871-8211C55CFACB} = {78E9556A-D3D5-41CE-8E89-2AE063B74F5E}
		{8C6F14EA-6027-453F-BC20-473B62D91A36} = {78E9556A-D3D5-41CE-8E89-2AE063B74F5E}
		{4BD68CB2-C8E9-4762-922D-62E18DB15DEA} = {78E9556A-D3D5-41CE-8E89-2AE063B74F5E}
		{9CB6882A-539F-4A00-AF82-493A3B5826B6} = {78E9556A-D3D5-41CE-8E89-2AE063B74F5E}
		{DB4F768D-F2F3-4AE6-A89D-27B132ECE88F} = {78E9556A-D3D5-41CE-8E89-2AE063B74F5E}
		{6A273ABF-E7A3-4068-B711-F2FA3277E77F} = {78E9556A-D3D5-41CE-8E89-2AE063B74F5E}
		{8675F200-DC78-46E8-9CEF-8093B1EE182E} = {78E9556A-D3D5-41CE-8E89-2AE063B74F5E}
		{BBCCED79-5203-46BE-9DE4-377F056B564C} = {78E9556A-D3D5-41CE-8E89-2AE063B74F5E}
		{5148F74D-F0E1-4E59-80A4-6E138E3C8E86} = {78E9556A-D3D5-41CE-8E89-2AE063B74F5E}
	EndGlobalSection
	GlobalSection(ExtensibilityGlobals) = postSolution
		SolutionGuid = {CD49F710-047F-4C73-9694-A8DE66E3EBF7}
	EndGlobalSection
EndGlobal
