
Microsoft Visual Studio Solution File, Format Version 12.00
# Visual Studio Version 16
VisualStudioVersion = 16.0.31321.278
MinimumVisualStudioVersion = 10.0.40219.1
Project("{9A19103F-16F7-4668-BE54-9A1E7A4F7556}") = "T2S_HCore", "T2S_HCore.csproj", "{8606FC8B-B378-4C01-824F-3499879F417B}"
EndProject
Project("{9A19103F-16F7-4668-BE54-9A1E7A4F7556}") = "ExControls", "..\..\User Controls\ExControls\ExControls.csproj", "{8B6A7C1A-261E-4FBB-A4F6-536220483E6B}"
EndProject
Project("{9A19103F-16F7-4668-BE54-9A1E7A4F7556}") = "MadTomDevVariables", "..\..\Common\MadTomDevVariables\MadTomDevVariables.csproj", "{71442773-E8B5-446C-BC90-0125A9B23FE1}"
EndProject
Global
	GlobalSection(SolutionConfigurationPlatforms) = preSolution
		Debug|Any CPU = Debug|Any CPU
		Release|Any CPU = Release|Any CPU
	EndGlobalSection
	GlobalSection(ProjectConfigurationPlatforms) = postSolution
		{8606FC8B-B378-4C01-824F-3499879F417B}.Debug|Any CPU.ActiveCfg = Debug|Any CPU
		{8606FC8B-B378-4C01-824F-3499879F417B}.Debug|Any CPU.Build.0 = Debug|Any CPU
		{8606FC8B-B378-4C01-824F-3499879F417B}.Release|Any CPU.ActiveCfg = Release|Any CPU
		{8606FC8B-B378-4C01-824F-3499879F417B}.Release|Any CPU.Build.0 = Release|Any CPU
		{8B6A7C1A-261E-4FBB-A4F6-536220483E6B}.Debug|Any CPU.ActiveCfg = Debug|Any CPU
		{8B6A7C1A-261E-4FBB-A4F6-536220483E6B}.Debug|Any CPU.Build.0 = Debug|Any CPU
		{8B6A7C1A-261E-4FBB-A4F6-536220483E6B}.Release|Any CPU.ActiveCfg = Release|Any CPU
		{8B6A7C1A-261E-4FBB-A4F6-536220483E6B}.Release|Any CPU.Build.0 = Release|Any CPU
		{71442773-E8B5-446C-BC90-0125A9B23FE1}.Debug|Any CPU.ActiveCfg = Debug|Any CPU
		{71442773-E8B5-446C-BC90-0125A9B23FE1}.Debug|Any CPU.Build.0 = Debug|Any CPU
		{71442773-E8B5-446C-BC90-0125A9B23FE1}.Release|Any CPU.ActiveCfg = Release|Any CPU
		{71442773-E8B5-446C-BC90-0125A9B23FE1}.Release|Any CPU.Build.0 = Release|Any CPU
	EndGlobalSection
	GlobalSection(SolutionProperties) = preSolution
		HideSolutionNode = FALSE
	EndGlobalSection
	GlobalSection(ExtensibilityGlobals) = postSolution
		SolutionGuid = {36A331FD-7722-4F7F-86B3-965E9F67AC5F}
	EndGlobalSection
EndGlobal
