
Microsoft Visual Studio Solution File, Format Version 12.00
# Visual Studio Version 17
VisualStudioVersion = 17.3.32922.545
MinimumVisualStudioVersion = 10.0.40219.1
Project("{9A19103F-16F7-4668-BE54-9A1E7A4F7556}") = "SemiAutoSerialCom", "SemiAutoSerialCom\SemiAutoSerialCom.csproj", "{44D88A6A-A47A-489E-BAAD-D148EC64E258}"
EndProject
Project("{2150E333-8FDC-42A3-9474-1A3956D46DE8}") = "Dependencies", "Dependencies", "{D7C352B9-B6CE-4F5C-9500-269B7DD87BB1}"
EndProject
Project("{9A19103F-16F7-4668-BE54-9A1E7A4F7556}") = "SettingXML", "..\..\LibsMadTomDev\Data\SettingXML\SettingXML.csproj", "{D7C8E6F1-56DC-40F8-AE60-1753B1983048}"
EndProject
Project("{9A19103F-16F7-4668-BE54-9A1E7A4F7556}") = "ExDialogs", "..\..\LibsMadTomDev\User Controls\ExDialogs\ExDialogs.csproj", "{868E8814-D2B9-460E-8A80-222AA53C5BA7}"
EndProject
Project("{2150E333-8FDC-42A3-9474-1A3956D46DE8}") = "Translators", "Translators", "{51FC6447-249E-47A0-9140-DE18AFE3A4A4}"
EndProject
Project("{9A19103F-16F7-4668-BE54-9A1E7A4F7556}") = "ITranslator", "Translators\ITranslator\ITranslator.csproj", "{8C1487F2-260A-4C0D-90A1-821AFD6415B3}"
EndProject
Project("{9A19103F-16F7-4668-BE54-9A1E7A4F7556}") = "PicoQATester_en", "Translators\PicoQATester_en\PicoQATester_en.csproj", "{DEC8DDB2-824A-4012-8D1E-FCFB3F80D833}"
EndProject
Project("{9A19103F-16F7-4668-BE54-9A1E7A4F7556}") = "PicoQATester_zh", "Translators\PicoQATester_zh\PicoQATester_zh.csproj", "{EDBE11F0-8657-4184-9D7B-4963B38EF9A6}"
EndProject
Project("{9A19103F-16F7-4668-BE54-9A1E7A4F7556}") = "Logger", "..\..\LibsMadTomDev\Common\Logger\Logger.csproj", "{917E1572-161C-44B5-B47A-269CD2B6BC71}"
EndProject
Project("{9A19103F-16F7-4668-BE54-9A1E7A4F7556}") = "ExControls", "..\..\LibsMadTomDev\User Controls\ExControls\ExControls.csproj", "{8CE8BBDC-AD8B-4ACF-9255-D765AFE8B89F}"
EndProject
Project("{9A19103F-16F7-4668-BE54-9A1E7A4F7556}") = "IOUtilities", "..\..\LibsMadTomDev\Common\IOUtilities\IOUtilities.csproj", "{5F07ED13-C3C2-44AE-A9AE-992B4A0E221B}"
EndProject
Project("{9A19103F-16F7-4668-BE54-9A1E7A4F7556}") = "ViewHistory", "..\..\LibsMadTomDev\Common\ViewHistory\ViewHistory.csproj", "{7798F924-5CE5-4CA3-94A6-3BDBE4B00964}"
EndProject
Project("{9A19103F-16F7-4668-BE54-9A1E7A4F7556}") = "DriveDetector", "..\..\LibsMadTomDev\Resource\DriveDetector\DriveDetector\DriveDetector.csproj", "{2A7FEF17-36E7-442D-ABCB-3C6D26E70E1F}"
EndProject
Project("{9A19103F-16F7-4668-BE54-9A1E7A4F7556}") = "GlobalLowLevelHooks", "..\..\LibsMadTomDev\User Controls\GlobalLowLevelHooks\GlobalLowLevelHooks.csproj", "{9E811DB8-B870-401A-A8F5-AD3182D8468C}"
EndProject
Global
	GlobalSection(SolutionConfigurationPlatforms) = preSolution
		Debug|Any CPU = Debug|Any CPU
		Release|Any CPU = Release|Any CPU
	EndGlobalSection
	GlobalSection(ProjectConfigurationPlatforms) = postSolution
		{44D88A6A-A47A-489E-BAAD-D148EC64E258}.Debug|Any CPU.ActiveCfg = Debug|Any CPU
		{44D88A6A-A47A-489E-BAAD-D148EC64E258}.Debug|Any CPU.Build.0 = Debug|Any CPU
		{44D88A6A-A47A-489E-BAAD-D148EC64E258}.Release|Any CPU.ActiveCfg = Release|Any CPU
		{44D88A6A-A47A-489E-BAAD-D148EC64E258}.Release|Any CPU.Build.0 = Release|Any CPU
		{D7C8E6F1-56DC-40F8-AE60-1753B1983048}.Debug|Any CPU.ActiveCfg = Debug|Any CPU
		{D7C8E6F1-56DC-40F8-AE60-1753B1983048}.Debug|Any CPU.Build.0 = Debug|Any CPU
		{D7C8E6F1-56DC-40F8-AE60-1753B1983048}.Release|Any CPU.ActiveCfg = Release|Any CPU
		{D7C8E6F1-56DC-40F8-AE60-1753B1983048}.Release|Any CPU.Build.0 = Release|Any CPU
		{868E8814-D2B9-460E-8A80-222AA53C5BA7}.Debug|Any CPU.ActiveCfg = Debug|Any CPU
		{868E8814-D2B9-460E-8A80-222AA53C5BA7}.Debug|Any CPU.Build.0 = Debug|Any CPU
		{868E8814-D2B9-460E-8A80-222AA53C5BA7}.Release|Any CPU.ActiveCfg = Release|Any CPU
		{868E8814-D2B9-460E-8A80-222AA53C5BA7}.Release|Any CPU.Build.0 = Release|Any CPU
		{8C1487F2-260A-4C0D-90A1-821AFD6415B3}.Debug|Any CPU.ActiveCfg = Debug|Any CPU
		{8C1487F2-260A-4C0D-90A1-821AFD6415B3}.Debug|Any CPU.Build.0 = Debug|Any CPU
		{8C1487F2-260A-4C0D-90A1-821AFD6415B3}.Release|Any CPU.ActiveCfg = Release|Any CPU
		{8C1487F2-260A-4C0D-90A1-821AFD6415B3}.Release|Any CPU.Build.0 = Release|Any CPU
		{DEC8DDB2-824A-4012-8D1E-FCFB3F80D833}.Debug|Any CPU.ActiveCfg = Debug|Any CPU
		{DEC8DDB2-824A-4012-8D1E-FCFB3F80D833}.Debug|Any CPU.Build.0 = Debug|Any CPU
		{DEC8DDB2-824A-4012-8D1E-FCFB3F80D833}.Release|Any CPU.ActiveCfg = Release|Any CPU
		{DEC8DDB2-824A-4012-8D1E-FCFB3F80D833}.Release|Any CPU.Build.0 = Release|Any CPU
		{EDBE11F0-8657-4184-9D7B-4963B38EF9A6}.Debug|Any CPU.ActiveCfg = Debug|Any CPU
		{EDBE11F0-8657-4184-9D7B-4963B38EF9A6}.Debug|Any CPU.Build.0 = Debug|Any CPU
		{EDBE11F0-8657-4184-9D7B-4963B38EF9A6}.Release|Any CPU.ActiveCfg = Release|Any CPU
		{EDBE11F0-8657-4184-9D7B-4963B38EF9A6}.Release|Any CPU.Build.0 = Release|Any CPU
		{917E1572-161C-44B5-B47A-269CD2B6BC71}.Debug|Any CPU.ActiveCfg = Debug|Any CPU
		{917E1572-161C-44B5-B47A-269CD2B6BC71}.Debug|Any CPU.Build.0 = Debug|Any CPU
		{917E1572-161C-44B5-B47A-269CD2B6BC71}.Release|Any CPU.ActiveCfg = Release|Any CPU
		{917E1572-161C-44B5-B47A-269CD2B6BC71}.Release|Any CPU.Build.0 = Release|Any CPU
		{8CE8BBDC-AD8B-4ACF-9255-D765AFE8B89F}.Debug|Any CPU.ActiveCfg = Debug|Any CPU
		{8CE8BBDC-AD8B-4ACF-9255-D765AFE8B89F}.Debug|Any CPU.Build.0 = Debug|Any CPU
		{8CE8BBDC-AD8B-4ACF-9255-D765AFE8B89F}.Release|Any CPU.ActiveCfg = Release|Any CPU
		{8CE8BBDC-AD8B-4ACF-9255-D765AFE8B89F}.Release|Any CPU.Build.0 = Release|Any CPU
		{5F07ED13-C3C2-44AE-A9AE-992B4A0E221B}.Debug|Any CPU.ActiveCfg = Debug|Any CPU
		{5F07ED13-C3C2-44AE-A9AE-992B4A0E221B}.Debug|Any CPU.Build.0 = Debug|Any CPU
		{5F07ED13-C3C2-44AE-A9AE-992B4A0E221B}.Release|Any CPU.ActiveCfg = Release|Any CPU
		{5F07ED13-C3C2-44AE-A9AE-992B4A0E221B}.Release|Any CPU.Build.0 = Release|Any CPU
		{7798F924-5CE5-4CA3-94A6-3BDBE4B00964}.Debug|Any CPU.ActiveCfg = Debug|Any CPU
		{7798F924-5CE5-4CA3-94A6-3BDBE4B00964}.Debug|Any CPU.Build.0 = Debug|Any CPU
		{7798F924-5CE5-4CA3-94A6-3BDBE4B00964}.Release|Any CPU.ActiveCfg = Release|Any CPU
		{7798F924-5CE5-4CA3-94A6-3BDBE4B00964}.Release|Any CPU.Build.0 = Release|Any CPU
		{2A7FEF17-36E7-442D-ABCB-3C6D26E70E1F}.Debug|Any CPU.ActiveCfg = Debug|Any CPU
		{2A7FEF17-36E7-442D-ABCB-3C6D26E70E1F}.Debug|Any CPU.Build.0 = Debug|Any CPU
		{2A7FEF17-36E7-442D-ABCB-3C6D26E70E1F}.Release|Any CPU.ActiveCfg = Release|Any CPU
		{2A7FEF17-36E7-442D-ABCB-3C6D26E70E1F}.Release|Any CPU.Build.0 = Release|Any CPU
		{9E811DB8-B870-401A-A8F5-AD3182D8468C}.Debug|Any CPU.ActiveCfg = Debug|Any CPU
		{9E811DB8-B870-401A-A8F5-AD3182D8468C}.Debug|Any CPU.Build.0 = Debug|Any CPU
		{9E811DB8-B870-401A-A8F5-AD3182D8468C}.Release|Any CPU.ActiveCfg = Release|Any CPU
		{9E811DB8-B870-401A-A8F5-AD3182D8468C}.Release|Any CPU.Build.0 = Release|Any CPU
	EndGlobalSection
	GlobalSection(SolutionProperties) = preSolution
		HideSolutionNode = FALSE
	EndGlobalSection
	GlobalSection(NestedProjects) = preSolution
		{D7C8E6F1-56DC-40F8-AE60-1753B1983048} = {D7C352B9-B6CE-4F5C-9500-269B7DD87BB1}
		{868E8814-D2B9-460E-8A80-222AA53C5BA7} = {D7C352B9-B6CE-4F5C-9500-269B7DD87BB1}
		{8C1487F2-260A-4C0D-90A1-821AFD6415B3} = {51FC6447-249E-47A0-9140-DE18AFE3A4A4}
		{DEC8DDB2-824A-4012-8D1E-FCFB3F80D833} = {51FC6447-249E-47A0-9140-DE18AFE3A4A4}
		{EDBE11F0-8657-4184-9D7B-4963B38EF9A6} = {51FC6447-249E-47A0-9140-DE18AFE3A4A4}
		{917E1572-161C-44B5-B47A-269CD2B6BC71} = {D7C352B9-B6CE-4F5C-9500-269B7DD87BB1}
		{8CE8BBDC-AD8B-4ACF-9255-D765AFE8B89F} = {D7C352B9-B6CE-4F5C-9500-269B7DD87BB1}
		{5F07ED13-C3C2-44AE-A9AE-992B4A0E221B} = {D7C352B9-B6CE-4F5C-9500-269B7DD87BB1}
		{7798F924-5CE5-4CA3-94A6-3BDBE4B00964} = {D7C352B9-B6CE-4F5C-9500-269B7DD87BB1}
		{2A7FEF17-36E7-442D-ABCB-3C6D26E70E1F} = {D7C352B9-B6CE-4F5C-9500-269B7DD87BB1}
		{9E811DB8-B870-401A-A8F5-AD3182D8468C} = {D7C352B9-B6CE-4F5C-9500-269B7DD87BB1}
	EndGlobalSection
	GlobalSection(ExtensibilityGlobals) = postSolution
		SolutionGuid = {CBE83D77-C972-41F0-96F0-307ACB9B0733}
	EndGlobalSection
EndGlobal
