
Microsoft Visual Studio Solution File, Format Version 12.00
# Visual Studio Version 17
VisualStudioVersion = 17.6.33723.286
MinimumVisualStudioVersion = 10.0.40219.1
Project("{9A19103F-16F7-4668-BE54-9A1E7A4F7556}") = "CraftingCalculator", "CraftingCalculator\CraftingCalculator.csproj", "{0975FD8A-241A-4AC7-AFBD-5541C2BD8E3C}"
EndProject
Project("{2150E333-8FDC-42A3-9474-1A3956D46DE8}") = "Dependences", "Dependences", "{999A4ED3-35FC-4524-9FB1-ACBDA0EF408F}"
EndProject
Project("{9A19103F-16F7-4668-BE54-9A1E7A4F7556}") = "SimpleStringHelper", "..\..\LibsMadTomDev\Common\SimpleStringHelper\SimpleStringHelper.csproj", "{E6EC2D85-E38A-44F2-AEE9-49F4EA122B26}"
EndProject
Project("{9A19103F-16F7-4668-BE54-9A1E7A4F7556}") = "ExControls", "..\..\LibsMadTomDev\User Controls\ExControls\ExControls.csproj", "{0B5DF0C3-1163-46F2-B9F7-966C0E6E0C9F}"
EndProject
Project("{9A19103F-16F7-4668-BE54-9A1E7A4F7556}") = "IconHelper", "..\..\LibsMadTomDev\Common\IconHelper\IconHelper.csproj", "{C48CFAA0-8FCF-445A-A2B1-2FBBB947C65B}"
EndProject
Project("{9A19103F-16F7-4668-BE54-9A1E7A4F7556}") = "QuickGraphics", "..\..\LibsMadTomDev\User Controls\QuickGraphics\QuickGraphics.csproj", "{D9D9CB76-49FB-4B16-BC73-B5A56EFC4254}"
EndProject
Project("{9A19103F-16F7-4668-BE54-9A1E7A4F7556}") = "MouseNKeyboardHelper", "..\..\LibsMadTomDev\Common\MouseNKeyboardHelper\MouseNKeyboardHelper.csproj", "{57FCD425-603A-4BF8-8D3A-48C73780D09D}"
EndProject
Project("{9A19103F-16F7-4668-BE54-9A1E7A4F7556}") = "DriveDetector", "..\..\LibsMadTomDev\Resource\DriveDetector\DriveDetector\DriveDetector.csproj", "{888EE3A8-B633-4EB3-830A-E7CC0DB21EF1}"
EndProject
Project("{9A19103F-16F7-4668-BE54-9A1E7A4F7556}") = "IOUtilities", "..\..\LibsMadTomDev\Common\IOUtilities\IOUtilities.csproj", "{7E717F59-E13A-4E91-A714-653EF56903B4}"
EndProject
Project("{9A19103F-16F7-4668-BE54-9A1E7A4F7556}") = "TextFileDecodeHelper", "..\..\LibsMadTomDev\Common\TextFileDecodeHelper\TextFileDecodeHelper.csproj", "{1592EBBE-3E66-450F-9219-9BAF8C27DAFE}"
EndProject
Global
	GlobalSection(SolutionConfigurationPlatforms) = preSolution
		Debug|Any CPU = Debug|Any CPU
		Release|Any CPU = Release|Any CPU
	EndGlobalSection
	GlobalSection(ProjectConfigurationPlatforms) = postSolution
		{0975FD8A-241A-4AC7-AFBD-5541C2BD8E3C}.Debug|Any CPU.ActiveCfg = Debug|Any CPU
		{0975FD8A-241A-4AC7-AFBD-5541C2BD8E3C}.Debug|Any CPU.Build.0 = Debug|Any CPU
		{0975FD8A-241A-4AC7-AFBD-5541C2BD8E3C}.Release|Any CPU.ActiveCfg = Release|Any CPU
		{0975FD8A-241A-4AC7-AFBD-5541C2BD8E3C}.Release|Any CPU.Build.0 = Release|Any CPU
		{E6EC2D85-E38A-44F2-AEE9-49F4EA122B26}.Debug|Any CPU.ActiveCfg = Debug|Any CPU
		{E6EC2D85-E38A-44F2-AEE9-49F4EA122B26}.Debug|Any CPU.Build.0 = Debug|Any CPU
		{E6EC2D85-E38A-44F2-AEE9-49F4EA122B26}.Release|Any CPU.ActiveCfg = Release|Any CPU
		{E6EC2D85-E38A-44F2-AEE9-49F4EA122B26}.Release|Any CPU.Build.0 = Release|Any CPU
		{0B5DF0C3-1163-46F2-B9F7-966C0E6E0C9F}.Debug|Any CPU.ActiveCfg = Debug|Any CPU
		{0B5DF0C3-1163-46F2-B9F7-966C0E6E0C9F}.Debug|Any CPU.Build.0 = Debug|Any CPU
		{0B5DF0C3-1163-46F2-B9F7-966C0E6E0C9F}.Release|Any CPU.ActiveCfg = Release|Any CPU
		{0B5DF0C3-1163-46F2-B9F7-966C0E6E0C9F}.Release|Any CPU.Build.0 = Release|Any CPU
		{C48CFAA0-8FCF-445A-A2B1-2FBBB947C65B}.Debug|Any CPU.ActiveCfg = Debug|Any CPU
		{C48CFAA0-8FCF-445A-A2B1-2FBBB947C65B}.Debug|Any CPU.Build.0 = Debug|Any CPU
		{C48CFAA0-8FCF-445A-A2B1-2FBBB947C65B}.Release|Any CPU.ActiveCfg = Release|Any CPU
		{C48CFAA0-8FCF-445A-A2B1-2FBBB947C65B}.Release|Any CPU.Build.0 = Release|Any CPU
		{D9D9CB76-49FB-4B16-BC73-B5A56EFC4254}.Debug|Any CPU.ActiveCfg = Debug|Any CPU
		{D9D9CB76-49FB-4B16-BC73-B5A56EFC4254}.Debug|Any CPU.Build.0 = Debug|Any CPU
		{D9D9CB76-49FB-4B16-BC73-B5A56EFC4254}.Release|Any CPU.ActiveCfg = Release|Any CPU
		{D9D9CB76-49FB-4B16-BC73-B5A56EFC4254}.Release|Any CPU.Build.0 = Release|Any CPU
		{57FCD425-603A-4BF8-8D3A-48C73780D09D}.Debug|Any CPU.ActiveCfg = Debug|Any CPU
		{57FCD425-603A-4BF8-8D3A-48C73780D09D}.Debug|Any CPU.Build.0 = Debug|Any CPU
		{57FCD425-603A-4BF8-8D3A-48C73780D09D}.Release|Any CPU.ActiveCfg = Release|Any CPU
		{57FCD425-603A-4BF8-8D3A-48C73780D09D}.Release|Any CPU.Build.0 = Release|Any CPU
		{888EE3A8-B633-4EB3-830A-E7CC0DB21EF1}.Debug|Any CPU.ActiveCfg = Debug|Any CPU
		{888EE3A8-B633-4EB3-830A-E7CC0DB21EF1}.Debug|Any CPU.Build.0 = Debug|Any CPU
		{888EE3A8-B633-4EB3-830A-E7CC0DB21EF1}.Release|Any CPU.ActiveCfg = Release|Any CPU
		{888EE3A8-B633-4EB3-830A-E7CC0DB21EF1}.Release|Any CPU.Build.0 = Release|Any CPU
		{7E717F59-E13A-4E91-A714-653EF56903B4}.Debug|Any CPU.ActiveCfg = Debug|Any CPU
		{7E717F59-E13A-4E91-A714-653EF56903B4}.Debug|Any CPU.Build.0 = Debug|Any CPU
		{7E717F59-E13A-4E91-A714-653EF56903B4}.Release|Any CPU.ActiveCfg = Release|Any CPU
		{7E717F59-E13A-4E91-A714-653EF56903B4}.Release|Any CPU.Build.0 = Release|Any CPU
		{1592EBBE-3E66-450F-9219-9BAF8C27DAFE}.Debug|Any CPU.ActiveCfg = Debug|Any CPU
		{1592EBBE-3E66-450F-9219-9BAF8C27DAFE}.Debug|Any CPU.Build.0 = Debug|Any CPU
		{1592EBBE-3E66-450F-9219-9BAF8C27DAFE}.Release|Any CPU.ActiveCfg = Release|Any CPU
		{1592EBBE-3E66-450F-9219-9BAF8C27DAFE}.Release|Any CPU.Build.0 = Release|Any CPU
	EndGlobalSection
	GlobalSection(SolutionProperties) = preSolution
		HideSolutionNode = FALSE
	EndGlobalSection
	GlobalSection(NestedProjects) = preSolution
		{E6EC2D85-E38A-44F2-AEE9-49F4EA122B26} = {999A4ED3-35FC-4524-9FB1-ACBDA0EF408F}
		{0B5DF0C3-1163-46F2-B9F7-966C0E6E0C9F} = {999A4ED3-35FC-4524-9FB1-ACBDA0EF408F}
		{C48CFAA0-8FCF-445A-A2B1-2FBBB947C65B} = {999A4ED3-35FC-4524-9FB1-ACBDA0EF408F}
		{D9D9CB76-49FB-4B16-BC73-B5A56EFC4254} = {999A4ED3-35FC-4524-9FB1-ACBDA0EF408F}
		{57FCD425-603A-4BF8-8D3A-48C73780D09D} = {999A4ED3-35FC-4524-9FB1-ACBDA0EF408F}
		{888EE3A8-B633-4EB3-830A-E7CC0DB21EF1} = {999A4ED3-35FC-4524-9FB1-ACBDA0EF408F}
		{7E717F59-E13A-4E91-A714-653EF56903B4} = {999A4ED3-35FC-4524-9FB1-ACBDA0EF408F}
		{1592EBBE-3E66-450F-9219-9BAF8C27DAFE} = {999A4ED3-35FC-4524-9FB1-ACBDA0EF408F}
	EndGlobalSection
	GlobalSection(ExtensibilityGlobals) = postSolution
		SolutionGuid = {05BB3E3B-8CA3-4EC7-991B-086C2567E8B4}
	EndGlobalSection
EndGlobal
